<?xml version="1.0" encoding="utf-8"?>
<Project ToolsVersion="4.0" xmlns="http://schemas.microsoft.com/developer/msbuild/2003">
  <ItemGroup>
    <Filter Include="Source Files">
      <UniqueIdentifier>{4FC737F1-C7A5-4376-A066-2A32D752A2FF}</UniqueIdentifier>
      <Extensions>cpp;c;cc;cxx;def;odl;idl;hpj;bat;asm;asmx</Extensions>
    </Filter>
    <Filter Include="Header Files">
      <UniqueIdentifier>{93995380-89BD-4b04-88EB-625FBE52EBFB}</UniqueIdentifier>
      <Extensions>h;hh;hpp;hxx;hm;inl;inc;ipp;xsd</Extensions>
    </Filter>
    <Filter Include="Resource Files">
      <UniqueIdentifier>{67DA6AB6-F800-4c08-8B7A-83BB121AAD01}</UniqueIdentifier>
      <Extensions>rc;ico;cur;bmp;dlg;rc2;rct;bin;rgs;gif;jpg;jpeg;jpe;resx;tiff;tif;png;wav;mfcribbon-ms</Extensions>
    </Filter>
    <Filter Include="Header Files\ObjModels">
      <UniqueIdentifier>{eb0b95d5-f95c-4b0e-81b2-1b82cb6ce136}</UniqueIdentifier>
    </Filter>
    <Filter Include="Header Files\LandTable">
      <UniqueIdentifier>{4f867a0c-3069-48ea-a17e-96595409694f}</UniqueIdentifier>
    </Filter>
    <Filter Include="Header Files\Misc">
      <UniqueIdentifier>{f7bd6a56-20c0-4418-be52-0d3444a1bfe9}</UniqueIdentifier>
    </Filter>
    <Filter Include="Source Files\Binaries">
      <UniqueIdentifier>{0fbda964-5f94-4c21-a090-53123f51a5e0}</UniqueIdentifier>
    </Filter>
    <Filter Include="Source Files\Binaries\SET">
      <UniqueIdentifier>{a225ab66-5373-406b-887c-055372a3f492}</UniqueIdentifier>
    </Filter>
    <Filter Include="Source Files\Binaries\CAM">
      <UniqueIdentifier>{17144361-3929-46f3-8460-dc5cb900136e}</UniqueIdentifier>
    </Filter>
    <Filter Include="Source Files\Binaries\PL">
      <UniqueIdentifier>{9934df81-73fb-4ea0-890b-5fff06737d07}</UniqueIdentifier>
    </Filter>
    <Filter Include="Source Files\Binaries\PVM">
      <UniqueIdentifier>{e4ab2db7-db65-4a8b-99a4-c5d89e085f24}</UniqueIdentifier>
    </Filter>
    <Filter Include="Source Files\Config">
      <UniqueIdentifier>{3ce31231-d0e5-4264-b6c5-ddf512fc94b3}</UniqueIdentifier>
    </Filter>
  </ItemGroup>
  <ItemGroup>
    <ClInclude Include="stdafx.h">
      <Filter>Header Files</Filter>
    </ClInclude>
    <ClInclude Include="targetver.h">
      <Filter>Header Files</Filter>
    </ClInclude>
    <ClInclude Include="ObjModels\Foliage.h">
      <Filter>Header Files\ObjModels</Filter>
    </ClInclude>
    <ClInclude Include="LandTable\Act1.h">
      <Filter>Header Files\LandTable</Filter>
    </ClInclude>
    <ClInclude Include="LandTable\Act2.h">
      <Filter>Header Files\LandTable</Filter>
    </ClInclude>
    <ClInclude Include="LandTable\Act3.h">
      <Filter>Header Files\LandTable</Filter>
    </ClInclude>
    <ClInclude Include="LandTable\Skybox_Objects.h">
      <Filter>Header Files\LandTable</Filter>
    </ClInclude>
    <ClInclude Include="MiscFiles\PathInfo.h">
      <Filter>Header Files\Misc</Filter>
    </ClInclude>
    <ClInclude Include="MiscFiles\StartPos.h">
      <Filter>Header Files\Misc</Filter>
    </ClInclude>
    <ClInclude Include="ObjModels\Lamps.h">
      <Filter>Header Files\ObjModels</Filter>
    </ClInclude>
    <ClInclude Include="ObjModels\Billboards.h">
      <Filter>Header Files\ObjModels</Filter>
    </ClInclude>
    <ClInclude Include="ObjModels\MiscObjs.h">
      <Filter>Header Files\ObjModels</Filter>
    </ClInclude>
    <ClInclude Include="ObjModels\Vehicles.h">
      <Filter>Header Files\ObjModels</Filter>
    </ClInclude>
    <ClInclude Include="ObjModels\WaterTanks.h">
      <Filter>Header Files\ObjModels</Filter>
    </ClInclude>
    <ClInclude Include="ObjModels\Platforms.h">
      <Filter>Header Files\ObjModels</Filter>
    </ClInclude>
    <ClInclude Include="ObjModels\Fountain.h">
      <Filter>Header Files\ObjModels</Filter>
    </ClInclude>
    <ClInclude Include="ObjModels\Helicopter.h">
      <Filter>Header Files\ObjModels</Filter>
    </ClInclude>
  </ItemGroup>
  <ItemGroup>
    <ClCompile Include="stdafx.cpp">
      <Filter>Source Files</Filter>
    </ClCompile>
    <ClCompile Include="AutoDemo_SpeedHighway.cpp">
      <Filter>Source Files</Filter>
    </ClCompile>
    <ClCompile Include="dllmain.cpp">
      <Filter>Source Files</Filter>
    </ClCompile>
    <ClCompile Include="..\sadx-mod-loader\mod-loader-common\ModLoaderCommon\IniFile.cpp">
      <Filter>Source Files\Config</Filter>
    </ClCompile>
    <ClCompile Include="..\sadx-mod-loader\mod-loader-common\ModLoaderCommon\TextConv.cpp">
      <Filter>Source Files\Config</Filter>
    </ClCompile>
  </ItemGroup>
  <ItemGroup>
    <None Include="Binaries\mod.ini">
      <Filter>Source Files\Binaries</Filter>
    </None>
    <None Include="Binaries\PL\PL_40B.BIN">
      <Filter>Source Files\Binaries\PL</Filter>
    </None>
    <None Include="Binaries\PL\PL_41B.BIN">
      <Filter>Source Files\Binaries\PL</Filter>
    </None>
    <None Include="Binaries\CAM\CAM0402K_AD.bin">
      <Filter>Source Files\Binaries\CAM</Filter>
    </None>
    <None Include="Binaries\CAM\CAM0402S_AD.bin">
      <Filter>Source Files\Binaries\CAM</Filter>
    </None>
    <None Include="Binaries\CAM\CAM0400S_Orig.bin">
      <Filter>Source Files\Binaries\CAM</Filter>
    </None>
    <None Include="Binaries\CAM\CAM0401S_Orig.bin">
      <Filter>Source Files\Binaries\CAM</Filter>
    </None>
    <None Include="Binaries\CAM\CAM0402K_Orig.BIN">
      <Filter>Source Files\Binaries\CAM</Filter>
    </None>
    <None Include="Binaries\CAM\CAM0402S_Orig.bin">
      <Filter>Source Files\Binaries\CAM</Filter>
    </None>
    <None Include="Binaries\PVM\OBJ_HIGHWAY_AD.pvm">
      <Filter>Source Files\Binaries\PVM</Filter>
    </None>
    <None Include="Binaries\PVM\BG_HIGHWAY_AD.PVM">
      <Filter>Source Files\Binaries\PVM</Filter>
    </None>
    <None Include="Binaries\PVM\BG_HIGHWAY01_AD.PVM">
      <Filter>Source Files\Binaries\PVM</Filter>
    </None>
    <None Include="Binaries\PVM\BG_HIGHWAY02_AD.PVM">
      <Filter>Source Files\Binaries\PVM</Filter>
    </None>
    <None Include="Binaries\PVM\BG_HIGHWAY03_AD.PVM">
      <Filter>Source Files\Binaries\PVM</Filter>
    </None>
    <None Include="Binaries\PVM\HIGHWAY_CAR_AD.pvm">
      <Filter>Source Files\Binaries\PVM</Filter>
    </None>
    <None Include="Binaries\PVM\HIGHWAY01_AD.pvm">
      <Filter>Source Files\Binaries\PVM</Filter>
    </None>
    <None Include="Binaries\PVM\HIGHWAY02_AD.pvm">
      <Filter>Source Files\Binaries\PVM</Filter>
    </None>
    <None Include="Binaries\PVM\HIGHWAY03_AD.pvm">
      <Filter>Source Files\Binaries\PVM</Filter>
    </None>
    <None Include="Binaries\PVM\OBJ_HIGHWAY2_AD.PVM">
      <Filter>Source Files\Binaries\PVM</Filter>
    </None>
    <None Include="Binaries\SET\SET0400M_AD.bin">
      <Filter>Source Files\Binaries\SET</Filter>
    </None>
    <None Include="Binaries\SET\SET0400S_AD.BIN">
      <Filter>Source Files\Binaries\SET</Filter>
    </None>
    <None Include="Binaries\SET\SET0401S_AD.BIN">
      <Filter>Source Files\Binaries\SET</Filter>
    </None>
    <None Include="Binaries\SET\SET0402K_AD.bin">
      <Filter>Source Files\Binaries\SET</Filter>
    </None>
    <None Include="Binaries\SET\SET0402S_AD.bin">
      <Filter>Source Files\Binaries\SET</Filter>
    </None>
    <None Include="Binaries\SET\SET0400S_Orig.BIN">
      <Filter>Source Files\Binaries\SET</Filter>
    </None>
    <None Include="Binaries\SET\SET0401S_Orig.BIN">
      <Filter>Source Files\Binaries\SET</Filter>
    </None>
    <None Include="Binaries\SET\SET0402K_Orig.bin">
      <Filter>Source Files\Binaries\SET</Filter>
    </None>
    <None Include="Binaries\SET\SET0402S_Orig.BIN">
      <Filter>Source Files\Binaries\SET</Filter>
    </None>
  </ItemGroup>
  <ItemGroup>
    <Xml Include="Binaries\configschema.xml">
      <Filter>Source Files\Binaries</Filter>
    </Xml>
  </ItemGroup>
</Project>